// !$*UTF8*$!
{
	archiveVersion = 1;
	classes = {
	};
	objectVersion = 56;
	objects = {

/* Begin PBXBuildFile section */
		020BCE1329C9C45600175E03 /* AppDelegate.swift in Sources */ = {isa = PBXBuildFile; fileRef = 020BCE1229C9C45600175E03 /* AppDelegate.swift */; };
		020BCE1529C9C45600175E03 /* SceneDelegate.swift in Sources */ = {isa = PBXBuildFile; fileRef = 020BCE1429C9C45600175E03 /* SceneDelegate.swift */; };
		020BCE1729C9C45600175E03 /* ViewController.swift in Sources */ = {isa = PBXBuildFile; fileRef = 020BCE1629C9C45600175E03 /* ViewController.swift */; };
		020BCE1A29C9C45600175E03 /* Main.storyboard in Resources */ = {isa = PBXBuildFile; fileRef = 020BCE1829C9C45600175E03 /* Main.storyboard */; };
		020BCE1C29C9C45700175E03 /* Assets.xcassets in Resources */ = {isa = PBXBuildFile; fileRef = 020BCE1B29C9C45700175E03 /* Assets.xcassets */; };
		020BCE1F29C9C45700175E03 /* LaunchScreen.storyboard in Resources */ = {isa = PBXBuildFile; fileRef = 020BCE1D29C9C45700175E03 /* LaunchScreen.storyboard */; };
		020BCE2829C9C58000175E03 /* Alamofire in Frameworks */ = {isa = PBXBuildFile; productRef = 020BCE2729C9C58000175E03 /* Alamofire */; };
		020BCE2A29C9CA7F00175E03 /* ResponseModel.swift in Sources */ = {isa = PBXBuildFile; fileRef = 020BCE2929C9CA7F00175E03 /* ResponseModel.swift */; };
		020BCE2D29C9CF3600175E03 /* ObjectMapper in Frameworks */ = {isa = PBXBuildFile; productRef = 020BCE2C29C9CF3600175E03 /* ObjectMapper */; };
		020BCE2F29C9D6F400175E03 /* DetailViewController.swift in Sources */ = {isa = PBXBuildFile; fileRef = 020BCE2E29C9D6F400175E03 /* DetailViewController.swift */; };
		020BCE3129C9DB1E00175E03 /* MyTableViewCell.swift in Sources */ = {isa = PBXBuildFile; fileRef = 020BCE3029C9DB1E00175E03 /* MyTableViewCell.swift */; };
		0269161129CD8BE000D41740 /* ApiHandler.swift in Sources */ = {isa = PBXBuildFile; fileRef = 0269161029CD8BE000D41740 /* ApiHandler.swift */; };
		0269161329CD91E400D41740 /* ServiceManager.swift in Sources */ = {isa = PBXBuildFile; fileRef = 0269161229CD91E400D41740 /* ServiceManager.swift */; };
/* End PBXBuildFile section */

/* Begin PBXFileReference section */
		020BCE0F29C9C45600175E03 /* semanur.app */ = {isa = PBXFileReference; explicitFileType = wrapper.application; includeInIndex = 0; path = semanur.app; sourceTree = BUILT_PRODUCTS_DIR; };
		020BCE1229C9C45600175E03 /* AppDelegate.swift */ = {isa = PBXFileReference; lastKnownFileType = sourcecode.swift; path = AppDelegate.swift; sourceTree = "<group>"; };
		020BCE1429C9C45600175E03 /* SceneDelegate.swift */ = {isa = PBXFileReference; lastKnownFileType = sourcecode.swift; path = SceneDelegate.swift; sourceTree = "<group>"; };
		020BCE1629C9C45600175E03 /* ViewController.swift */ = {isa = PBXFileReference; lastKnownFileType = sourcecode.swift; path = ViewController.swift; sourceTree = "<group>"; };
		020BCE1929C9C45600175E03 /* Base */ = {isa = PBXFileReference; lastKnownFileType = file.storyboard; name = Base; path = Base.lproj/Main.storyboard; sourceTree = "<group>"; };
		020BCE1B29C9C45700175E03 /* Assets.xcassets */ = {isa = PBXFileReference; lastKnownFileType = folder.assetcatalog; path = Assets.xcassets; sourceTree = "<group>"; };
		020BCE1E29C9C45700175E03 /* Base */ = {isa = PBXFileReference; lastKnownFileType = file.storyboard; name = Base; path = Base.lproj/LaunchScreen.storyboard; sourceTree = "<group>"; };
		020BCE2029C9C45700175E03 /* Info.plist */ = {isa = PBXFileReference; lastKnownFileType = text.plist.xml; path = Info.plist; sourceTree = "<group>"; };
		020BCE2929C9CA7F00175E03 /* ResponseModel.swift */ = {isa = PBXFileReference; lastKnownFileType = sourcecode.swift; path = ResponseModel.swift; sourceTree = "<group>"; };
		020BCE2E29C9D6F400175E03 /* DetailViewController.swift */ = {isa = PBXFileReference; lastKnownFileType = sourcecode.swift; path = DetailViewController.swift; sourceTree = "<group>"; };
		020BCE3029C9DB1E00175E03 /* MyTableViewCell.swift */ = {isa = PBXFileReference; lastKnownFileType = sourcecode.swift; path = MyTableViewCell.swift; sourceTree = "<group>"; };
		0269161029CD8BE000D41740 /* ApiHandler.swift */ = {isa = PBXFileReference; lastKnownFileType = sourcecode.swift; path = ApiHandler.swift; sourceTree = "<group>"; };
		0269161229CD91E400D41740 /* ServiceManager.swift */ = {isa = PBXFileReference; lastKnownFileType = sourcecode.swift; path = ServiceManager.swift; sourceTree = "<group>"; };
/* End PBXFileReference section */

/* Begin PBXFrameworksBuildPhase section */
		020BCE0C29C9C45600175E03 /* Frameworks */ = {
			isa = PBXFrameworksBuildPhase;
			buildActionMask = 2147483647;
			files = (
				020BCE2D29C9CF3600175E03 /* ObjectMapper in Frameworks */,
				020BCE2829C9C58000175E03 /* Alamofire in Frameworks */,
			);
			runOnlyForDeploymentPostprocessing = 0;
		};
/* End PBXFrameworksBuildPhase section */

/* Begin PBXGroup section */
		020BCE0629C9C45600175E03 = {
			isa = PBXGroup;
			children = (
				020BCE1129C9C45600175E03 /* semanur */,
				020BCE1029C9C45600175E03 /* Products */,
			);
			sourceTree = "<group>";
		};
		020BCE1029C9C45600175E03 /* Products */ = {
			isa = PBXGroup;
			children = (
				020BCE0F29C9C45600175E03 /* semanur.app */,
			);
			name = Products;
			sourceTree = "<group>";
		};
		020BCE1129C9C45600175E03 /* semanur */ = {
			isa = PBXGroup;
			children = (
				020BCE1229C9C45600175E03 /* AppDelegate.swift */,
				020BCE1429C9C45600175E03 /* SceneDelegate.swift */,
				020BCE1629C9C45600175E03 /* ViewController.swift */,
				020BCE1829C9C45600175E03 /* Main.storyboard */,
				020BCE1B29C9C45700175E03 /* Assets.xcassets */,
				020BCE1D29C9C45700175E03 /* LaunchScreen.storyboard */,
				020BCE2029C9C45700175E03 /* Info.plist */,
				020BCE2929C9CA7F00175E03 /* ResponseModel.swift */,
				020BCE2E29C9D6F400175E03 /* DetailViewController.swift */,
				020BCE3029C9DB1E00175E03 /* MyTableViewCell.swift */,
				0269161029CD8BE000D41740 /* ApiHandler.swift */,
				0269161229CD91E400D41740 /* ServiceManager.swift */,
			);
			path = semanur;
			sourceTree = "<group>";
		};
/* End PBXGroup section */

/* Begin PBXNativeTarget section */
		020BCE0E29C9C45600175E03 /* semanur */ = {
			isa = PBXNativeTarget;
			buildConfigurationList = 020BCE2329C9C45700175E03 /* Build configuration list for PBXNativeTarget "semanur" */;
			buildPhases = (
				020BCE0B29C9C45600175E03 /* Sources */,
				020BCE0C29C9C45600175E03 /* Frameworks */,
				020BCE0D29C9C45600175E03 /* Resources */,
			);
			buildRules = (
			);
			dependencies = (
			);
			name = semanur;
			packageProductDependencies = (
				020BCE2729C9C58000175E03 /* Alamofire */,
				020BCE2C29C9CF3600175E03 /* ObjectMapper */,
			);
			productName = semanur;
			productReference = 020BCE0F29C9C45600175E03 /* semanur.app */;
			productType = "com.apple.product-type.application";
		};
/* End PBXNativeTarget section */

/* Begin PBXProject section */
		020BCE0729C9C45600175E03 /* Project object */ = {
			isa = PBXProject;
			attributes = {
				BuildIndependentTargetsInParallel = 1;
				LastSwiftUpdateCheck = 1420;
				LastUpgradeCheck = 1420;
				TargetAttributes = {
					020BCE0E29C9C45600175E03 = {
						CreatedOnToolsVersion = 14.2;
					};
				};
			};
			buildConfigurationList = 020BCE0A29C9C45600175E03 /* Build configuration list for PBXProject "semanur" */;
			compatibilityVersion = "Xcode 14.0";
			developmentRegion = en;
			hasScannedForEncodings = 0;
			knownRegions = (
				en,
				Base,
			);
			mainGroup = 020BCE0629C9C45600175E03;
			packageReferences = (
				020BCE2629C9C58000175E03 /* XCRemoteSwiftPackageReference "Alamofire" */,
				020BCE2B29C9CF3600175E03 /* XCRemoteSwiftPackageReference "ObjectMapper" */,
			);
			productRefGroup = 020BCE1029C9C45600175E03 /* Products */;
			projectDirPath = "";
			projectRoot = "";
			targets = (
				020BCE0E29C9C45600175E03 /* semanur */,
			);
		};
/* End PBXProject section */

/* Begin PBXResourcesBuildPhase section */
		020BCE0D29C9C45600175E03 /* Resources */ = {
			isa = PBXResourcesBuildPhase;
			buildActionMask = 2147483647;
			files = (
				020BCE1F29C9C45700175E03 /* LaunchScreen.storyboard in Resources */,
				020BCE1C29C9C45700175E03 /* Assets.xcassets in Resources */,
				020BCE1A29C9C45600175E03 /* Main.storyboard in Resources */,
			);
			runOnlyForDeploymentPostprocessing = 0;
		};
/* End PBXResourcesBuildPhase section */

/* Begin PBXSourcesBuildPhase section */
		020BCE0B29C9C45600175E03 /* Sources */ = {
			isa = PBXSourcesBuildPhase;
			buildActionMask = 2147483647;
			files = (
				020BCE1729C9C45600175E03 /* ViewController.swift in Sources */,
				020BCE1329C9C45600175E03 /* AppDelegate.swift in Sources */,
				020BCE2F29C9D6F400175E03 /* DetailViewController.swift in Sources */,
				0269161329CD91E400D41740 /* ServiceManager.swift in Sources */,
				020BCE2A29C9CA7F00175E03 /* ResponseModel.swift in Sources */,
				0269161129CD8BE000D41740 /* ApiHandler.swift in Sources */,
				020BCE1529C9C45600175E03 /* SceneDelegate.swift in Sources */,
				020BCE3129C9DB1E00175E03 /* MyTableViewCell.swift in Sources */,
			);
			runOnlyForDeploymentPostprocessing = 0;
		};
/* End PBXSourcesBuildPhase section */

/* Begin PBXVariantGroup section */
		020BCE1829C9C45600175E03 /* Main.storyboard */ = {
			isa = PBXVariantGroup;
			children = (
				020BCE1929C9C45600175E03 /* Base */,
			);
			name = Main.storyboard;
			sourceTree = "<group>";
		};
		020BCE1D29C9C45700175E03 /* LaunchScreen.storyboard */ = {
			isa = PBXVariantGroup;
			children = (
				020BCE1E29C9C45700175E03 /* Base */,
			);
			name = LaunchScreen.storyboard;
			sourceTree = "<group>";
		};
/* End PBXVariantGroup section */

/* Begin XCBuildConfiguration section */
		020BCE2129C9C45700175E03 /* Debug */ = {
			isa = XCBuildConfiguration;
			buildSettings = {
				ALWAYS_SEARCH_USER_PATHS = NO;
				CLANG_ANALYZER_NONNULL = YES;
				CLANG_ANALYZER_NUMBER_OBJECT_CONVERSION = YES_AGGRESSIVE;
				CLANG_CXX_LANGUAGE_STANDARD = "gnu++20";
				CLANG_ENABLE_MODULES = YES;
				CLANG_ENABLE_OBJC_ARC = YES;
				CLANG_ENABLE_OBJC_WEAK = YES;
				CLANG_WARN_BLOCK_CAPTURE_AUTORELEASING = YES;
				CLANG_WARN_BOOL_CONVERSION = YES;
				CLANG_WARN_COMMA = YES;
				CLANG_WARN_CONSTANT_CONVERSION = YES;
				CLANG_WARN_DEPRECATED_OBJC_IMPLEMENTATIONS = YES;
				CLANG_WARN_DIRECT_OBJC_ISA_USAGE = YES_ERROR;
				CLANG_WARN_DOCUMENTATION_COMMENTS = YES;
				CLANG_WARN_EMPTY_BODY = YES;
				CLANG_WARN_ENUM_CONVERSION = YES;
				CLANG_WARN_INFINITE_RECURSION = YES;
				CLANG_WARN_INT_CONVERSION = YES;
				CLANG_WARN_NON_LITERAL_NULL_CONVERSION = YES;
				CLANG_WARN_OBJC_IMPLICIT_RETAIN_SELF = YES;
				CLANG_WARN_OBJC_LITERAL_CONVERSION = YES;
				CLANG_WARN_OBJC_ROOT_CLASS = YES_ERROR;
				CLANG_WARN_QUOTED_INCLUDE_IN_FRAMEWORK_HEADER = YES;
				CLANG_WARN_RANGE_LOOP_ANALYSIS = YES;
				CLANG_WARN_STRICT_PROTOTYPES = YES;
				CLANG_WARN_SUSPICIOUS_MOVE = YES;
				CLANG_WARN_UNGUARDED_AVAILABILITY = YES_AGGRESSIVE;
				CLANG_WARN_UNREACHABLE_CODE = YES;
				CLANG_WARN__DUPLICATE_METHOD_MATCH = YES;
				COPY_PHASE_STRIP = NO;
				DEBUG_INFORMATION_FORMAT = dwarf;
				ENABLE_STRICT_OBJC_MSGSEND = YES;
				ENABLE_TESTABILITY = YES;
				GCC_C_LANGUAGE_STANDARD = gnu11;
				GCC_DYNAMIC_NO_PIC = NO;
				GCC_NO_COMMON_BLOCKS = YES;
				GCC_OPTIMIZATION_LEVEL = 0;
				GCC_PREPROCESSOR_DEFINITIONS = (
					"DEBUG=1",
					"$(inherited)",
				);
				GCC_WARN_64_TO_32_BIT_CONVERSION = YES;
				GCC_WARN_ABOUT_RETURN_TYPE = YES_ERROR;
				GCC_WARN_UNDECLARED_SELECTOR = YES;
				GCC_WARN_UNINITIALIZED_AUTOS = YES_AGGRESSIVE;
				GCC_WARN_UNUSED_FUNCTION = YES;
				GCC_WARN_UNUSED_VARIABLE = YES;
				IPHONEOS_DEPLOYMENT_TARGET = 16.2;
				MTL_ENABLE_DEBUG_INFO = INCLUDE_SOURCE;
				MTL_FAST_MATH = YES;
				ONLY_ACTIVE_ARCH = YES;
				SDKROOT = iphoneos;
				SWIFT_ACTIVE_COMPILATION_CONDITIONS = DEBUG;
				SWIFT_OPTIMIZATION_LEVEL = "-Onone";
			};
			name = Debug;
		};
		020BCE2229C9C45700175E03 /* Release */ = {
			isa = XCBuildConfiguration;
			buildSettings = {
				ALWAYS_SEARCH_USER_PATHS = NO;
				CLANG_ANALYZER_NONNULL = YES;
				CLANG_ANALYZER_NUMBER_OBJECT_CONVERSION = YES_AGGRESSIVE;
				CLANG_CXX_LANGUAGE_STANDARD = "gnu++20";
				CLANG_ENABLE_MODULES = YES;
				CLANG_ENABLE_OBJC_ARC = YES;
				CLANG_ENABLE_OBJC_WEAK = YES;
				CLANG_WARN_BLOCK_CAPTURE_AUTORELEASING = YES;
				CLANG_WARN_BOOL_CONVERSION = YES;
				CLANG_WARN_COMMA = YES;
				CLANG_WARN_CONSTANT_CONVERSION = YES;
				CLANG_WARN_DEPRECATED_OBJC_IMPLEMENTATIONS = YES;
				CLANG_WARN_DIRECT_OBJC_ISA_USAGE = YES_ERROR;
				CLANG_WARN_DOCUMENTATION_COMMENTS = YES;
				CLANG_WARN_EMPTY_BODY = YES;
				CLANG_WARN_ENUM_CONVERSION = YES;
				CLANG_WARN_INFINITE_RECURSION = YES;
				CLANG_WARN_INT_CONVERSION = YES;
				CLANG_WARN_NON_LITERAL_NULL_CONVERSION = YES;
				CLANG_WARN_OBJC_IMPLICIT_RETAIN_SELF = YES;
				CLANG_WARN_OBJC_LITERAL_CONVERSION = YES;
				CLANG_WARN_OBJC_ROOT_CLASS = YES_ERROR;
				CLANG_WARN_QUOTED_INCLUDE_IN_FRAMEWORK_HEADER = YES;
				CLANG_WARN_RANGE_LOOP_ANALYSIS = YES;
				CLANG_WARN_STRICT_PROTOTYPES = YES;
				CLANG_WARN_SUSPICIOUS_MOVE = YES;
				CLANG_WARN_UNGUARDED_AVAILABILITY = YES_AGGRESSIVE;
				CLANG_WARN_UNREACHABLE_CODE = YES;
				CLANG_WARN__DUPLICATE_METHOD_MATCH = YES;
				COPY_PHASE_STRIP = NO;
				DEBUG_INFORMATION_FORMAT = "dwarf-with-dsym";
				ENABLE_NS_ASSERTIONS = NO;
				ENABLE_STRICT_OBJC_MSGSEND = YES;
				GCC_C_LANGUAGE_STANDARD = gnu11;
				GCC_NO_COMMON_BLOCKS = YES;
				GCC_WARN_64_TO_32_BIT_CONVERSION = YES;
				GCC_WARN_ABOUT_RETURN_TYPE = YES_ERROR;
				GCC_WARN_UNDECLARED_SELECTOR = YES;
				GCC_WARN_UNINITIALIZED_AUTOS = YES_AGGRESSIVE;
				GCC_WARN_UNUSED_FUNCTION = YES;
				GCC_WARN_UNUSED_VARIABLE = YES;
				IPHONEOS_DEPLOYMENT_TARGET = 16.2;
				MTL_ENABLE_DEBUG_INFO = NO;
				MTL_FAST_MATH = YES;
				SDKROOT = iphoneos;
				SWIFT_COMPILATION_MODE = wholemodule;
				SWIFT_OPTIMIZATION_LEVEL = "-O";
				VALIDATE_PRODUCT = YES;
			};
			name = Release;
		};
		020BCE2429C9C45700175E03 /* Debug */ = {
			isa = XCBuildConfiguration;
			buildSettings = {
				ASSETCATALOG_COMPILER_APPICON_NAME = AppIcon;
				ASSETCATALOG_COMPILER_GLOBAL_ACCENT_COLOR_NAME = AccentColor;
				CODE_SIGN_STYLE = Automatic;
				CURRENT_PROJECT_VERSION = 1;
				GENERATE_INFOPLIST_FILE = YES;
				INFOPLIST_FILE = semanur/Info.plist;
				INFOPLIST_KEY_UIApplicationSupportsIndirectInputEvents = YES;
				INFOPLIST_KEY_UILaunchStoryboardName = LaunchScreen;
				INFOPLIST_KEY_UIMainStoryboardFile = Main;
				INFOPLIST_KEY_UISupportedInterfaceOrientations_iPad = "UIInterfaceOrientationPortrait UIInterfaceOrientationPortraitUpsideDown UIInterfaceOrientationLandscapeLeft UIInterfaceOrientationLandscapeRight";
				INFOPLIST_KEY_UISupportedInterfaceOrientations_iPhone = "UIInterfaceOrientationPortrait UIInterfaceOrientationLandscapeLeft UIInterfaceOrientationLandscapeRight";
				LD_RUNPATH_SEARCH_PATHS = (
					"$(inherited)",
					"@executable_path/Frameworks",
				);
				MARKETING_VERSION = 1.0;
				PRODUCT_BUNDLE_IDENTIFIER = com.suha.semanur;
				PRODUCT_NAME = "$(TARGET_NAME)";
				SWIFT_EMIT_LOC_STRINGS = YES;
				SWIFT_VERSION = 5.0;
				TARGETED_DEVICE_FAMILY = "1,2";
			};
			name = Debug;
		};
		020BCE2529C9C45700175E03 /* Release */ = {
			isa = XCBuildConfiguration;
			buildSettings = {
				ASSETCATALOG_COMPILER_APPICON_NAME = AppIcon;
				ASSETCATALOG_COMPILER_GLOBAL_ACCENT_COLOR_NAME = AccentColor;
				CODE_SIGN_STYLE = Automatic;
				CURRENT_PROJECT_VERSION = 1;
				GENERATE_INFOPLIST_FILE = YES;
				INFOPLIST_FILE = semanur/Info.plist;
				INFOPLIST_KEY_UIApplicationSupportsIndirectInputEvents = YES;
				INFOPLIST_KEY_UILaunchStoryboardName = LaunchScreen;
				INFOPLIST_KEY_UIMainStoryboardFile = Main;
				INFOPLIST_KEY_UISupportedInterfaceOrientations_iPad = "UIInterfaceOrientationPortrait UIInterfaceOrientationPortraitUpsideDown UIInterfaceOrientationLandscapeLeft UIInterfaceOrientationLandscapeRight";
				INFOPLIST_KEY_UISupportedInterfaceOrientations_iPhone = "UIInterfaceOrientationPortrait UIInterfaceOrientationLandscapeLeft UIInterfaceOrientationLandscapeRight";
				LD_RUNPATH_SEARCH_PATHS = (
					"$(inherited)",
					"@executable_path/Frameworks",
				);
				MARKETING_VERSION = 1.0;
				PRODUCT_BUNDLE_IDENTIFIER = com.suha.semanur;
				PRODUCT_NAME = "$(TARGET_NAME)";
				SWIFT_EMIT_LOC_STRINGS = YES;
				SWIFT_VERSION = 5.0;
				TARGETED_DEVICE_FAMILY = "1,2";
			};
			name = Release;
		};
/* End XCBuildConfiguration section */

/* Begin XCConfigurationList section */
		020BCE0A29C9C45600175E03 /* Build configuration list for PBXProject "semanur" */ = {
			isa = XCConfigurationList;
			buildConfigurations = (
				020BCE2129C9C45700175E03 /* Debug */,
				020BCE2229C9C45700175E03 /* Release */,
			);
			defaultConfigurationIsVisible = 0;
			defaultConfigurationName = Release;
		};
		020BCE2329C9C45700175E03 /* Build configuration list for PBXNativeTarget "semanur" */ = {
			isa = XCConfigurationList;
			buildConfigurations = (
				020BCE2429C9C45700175E03 /* Debug */,
				020BCE2529C9C45700175E03 /* Release */,
			);
			defaultConfigurationIsVisible = 0;
			defaultConfigurationName = Release;
		};
/* End XCConfigurationList section */

/* Begin XCRemoteSwiftPackageReference section */
		020BCE2629C9C58000175E03 /* XCRemoteSwiftPackageReference "Alamofire" */ = {
			isa = XCRemoteSwiftPackageReference;
			repositoryURL = "https://github.com/Alamofire/Alamofire.git";
			requirement = {
				kind = upToNextMajorVersion;
				minimumVersion = 5.0.0;
			};
		};
		020BCE2B29C9CF3600175E03 /* XCRemoteSwiftPackageReference "ObjectMapper" */ = {
			isa = XCRemoteSwiftPackageReference;
			repositoryURL = "https://github.com/tristanhimmelman/ObjectMapper.git";
			requirement = {
				branch = master;
				kind = branch;
			};
		};
/* End XCRemoteSwiftPackageReference section */

/* Begin XCSwiftPackageProductDependency section */
		020BCE2729C9C58000175E03 /* Alamofire */ = {
			isa = XCSwiftPackageProductDependency;
			package = 020BCE2629C9C58000175E03 /* XCRemoteSwiftPackageReference "Alamofire" */;
			productName = Alamofire;
		};
		020BCE2C29C9CF3600175E03 /* ObjectMapper */ = {
			isa = XCSwiftPackageProductDependency;
			package = 020BCE2B29C9CF3600175E03 /* XCRemoteSwiftPackageReference "ObjectMapper" */;
			productName = ObjectMapper;
		};
/* End XCSwiftPackageProductDependency section */
	};
	rootObject = 020BCE0729C9C45600175E03 /* Project object */;
}
